{
  "name": "discord-global-mutual",
  "version": "1.0.0",
  "lockfileVersion": 1,
  "requires": true,
  "dependencies": {
    "caseless": {
      "version": "0.12.0",
      "resolved": "https://registry.npmjs.org/caseless/-/caseless-0.12.0.tgz",
      "integrity": "sha1-G2gcIf+EAzyCZUMJBolCDRhxUdw="
    },
    "is-typedarray": {
      "version": "1.0.0",
      "resolved": "https://registry.npmjs.org/is-typedarray/-/is-typedarray-1.0.0.tgz",
      "integrity": "sha1-5HnICFjfDBsR3dppQPlgEfzaSpo="
    },
    "node-fetch": {
      "version": "2.1.1",
      "resolved": "https://registry.npmjs.org/node-fetch/-/node-fetch-2.1.1.tgz",
      "integrity": "sha1-NpynC4L1DIZJYQSmx3bSdPTkotQ="
    },
    "r2": {
      "version": "2.0.0",
      "resolved": "https://registry.npmjs.org/r2/-/r2-2.0.0.tgz",
      "integrity": "sha512-qZ3W0BiiNCZ4EnixbsD1k2KgFk6mM97wRxDWMMtQwqUEmivju9kOyYsoO0hvhnof/niJ1/gIldSB3h2K86bZiQ==",
      "requires": {
        "caseless": "0.12.0",
        "node-fetch": "2.1.1",
        "typedarray-to-buffer": "3.1.4"
      }
    },
    "typedarray-to-buffer": {
      "version": "3.1.4",
      "resolved": "https://registry.npmjs.org/typedarray-to-buffer/-/typedarray-to-buffer-3.1.4.tgz",
      "integrity": "sha512-JTZPwvf+dXFWkljvE3oDjTZ6DFg+bbBhB9yA4Xx3JN4Ol9jfMjXuLn/o2gmgt+BJJwJ4MIzrTBz+UbwVMi9vcA==",
      "requires": {
        "is-typedarray": "1.0.0"
      }
    }
  }
}
